
Microsoft Visual Studio Solution File, Format Version 12.00
# Visual Studio Version 16
VisualStudioVersion = 16.0.32228.343
MinimumVisualStudioVersion = 10.0.40219.1
Project("{FAE04EC0-301F-11D3-BF4B-00C04F79EFBC}") = "DSA", "DSA.csproj", "{2CBDA005-F3E9-44F7-AFFA-61AB9C2E962A}"
EndProject
Global
	GlobalSection(SolutionConfigurationPlatforms) = preSolution
		Debug|Any CPU = Debug|Any CPU
		Release|Any CPU = Release|Any CPU
	EndGlobalSection
	GlobalSection(ProjectConfigurationPlatforms) = postSolution
		{2CBDA005-F3E9-44F7-AFFA-61AB9C2E962A}.Debug|Any CPU.ActiveCfg = Debug|Any CPU
		{2CBDA005-F3E9-44F7-AFFA-61AB9C2E962A}.Debug|Any CPU.Build.0 = Debug|Any CPU
		{2CBDA005-F3E9-44F7-AFFA-61AB9C2E962A}.Release|Any CPU.ActiveCfg = Release|Any CPU
		{2CBDA005-F3E9-44F7-AFFA-61AB9C2E962A}.Release|Any CPU.Build.0 = Release|Any CPU
	EndGlobalSection
	GlobalSection(SolutionProperties) = preSolution
		HideSolutionNode = FALSE
	EndGlobalSection
	GlobalSection(ExtensibilityGlobals) = postSolution
		SolutionGuid = {08171422-7E3A-496B-9852-8EF0D1618B57}
	EndGlobalSection
EndGlobal
